
Microsoft Visual Studio Solution File, Format Version 12.00
# Visual Studio Version 17
VisualStudioVersion = 17.5.33516.290
MinimumVisualStudioVersion = 10.0.40219.1
Project("{FAE04EC0-301F-11D3-BF4B-00C04F79EFBC}") = "SnakeTheGame", "SnakeTheGame.csproj", "{10306F75-79D0-4444-9FA7-0907D345B23B}"
EndProject
Global
	GlobalSection(SolutionConfigurationPlatforms) = preSolution
		Debug|Any CPU = Debug|Any CPU
		Release|Any CPU = Release|Any CPU
	EndGlobalSection
	GlobalSection(ProjectConfigurationPlatforms) = postSolution
		{10306F75-79D0-4444-9FA7-0907D345B23B}.Debug|Any CPU.ActiveCfg = Debug|Any CPU
		{10306F75-79D0-4444-9FA7-0907D345B23B}.Debug|Any CPU.Build.0 = Debug|Any CPU
		{10306F75-79D0-4444-9FA7-0907D345B23B}.Release|Any CPU.ActiveCfg = Release|Any CPU
		{10306F75-79D0-4444-9FA7-0907D345B23B}.Release|Any CPU.Build.0 = Release|Any CPU
	EndGlobalSection
	GlobalSection(SolutionProperties) = preSolution
		HideSolutionNode = FALSE
	EndGlobalSection
	GlobalSection(ExtensibilityGlobals) = postSolution
		SolutionGuid = {29A141DE-1729-4730-A42D-04A658434852}
	EndGlobalSection
EndGlobal
